
Microsoft Visual Studio Solution File, Format Version 12.00
# Visual Studio Version 17
VisualStudioVersion = 17.4.33103.184
MinimumVisualStudioVersion = 10.0.40219.1
Project("{FAE04EC0-301F-11D3-BF4B-00C04F79EFBC}") = "Asp.net testing", "Asp.net testing.csproj", "{12CA7F04-894C-48A9-A404-767692911627}"
EndProject
Global
	GlobalSection(SolutionConfigurationPlatforms) = preSolution
		Debug|Any CPU = Debug|Any CPU
		Release|Any CPU = Release|Any CPU
	EndGlobalSection
	GlobalSection(ProjectConfigurationPlatforms) = postSolution
		{12CA7F04-894C-48A9-A404-767692911627}.Debug|Any CPU.ActiveCfg = Debug|Any CPU
		{12CA7F04-894C-48A9-A404-767692911627}.Debug|Any CPU.Build.0 = Debug|Any CPU
		{12CA7F04-894C-48A9-A404-767692911627}.Release|Any CPU.ActiveCfg = Release|Any CPU
		{12CA7F04-894C-48A9-A404-767692911627}.Release|Any CPU.Build.0 = Release|Any CPU
	EndGlobalSection
	GlobalSection(SolutionProperties) = preSolution
		HideSolutionNode = FALSE
	EndGlobalSection
	GlobalSection(ExtensibilityGlobals) = postSolution
		SolutionGuid = {C432167C-F444-400A-8B56-8CFE7F7DDF98}
	EndGlobalSection
EndGlobal
