
Microsoft Visual Studio Solution File, Format Version 12.00
# Visual Studio Version 17
VisualStudioVersion = 17.4.33103.184
MinimumVisualStudioVersion = 10.0.40219.1
Project("{FAE04EC0-301F-11D3-BF4B-00C04F79EFBC}") = "WebApplication3", "WebApplication3.csproj", "{11145E93-09F3-403F-BE3B-DF17457FA003}"
EndProject
Global
	GlobalSection(SolutionConfigurationPlatforms) = preSolution
		Debug|Any CPU = Debug|Any CPU
		Release|Any CPU = Release|Any CPU
	EndGlobalSection
	GlobalSection(ProjectConfigurationPlatforms) = postSolution
		{11145E93-09F3-403F-BE3B-DF17457FA003}.Debug|Any CPU.ActiveCfg = Debug|Any CPU
		{11145E93-09F3-403F-BE3B-DF17457FA003}.Debug|Any CPU.Build.0 = Debug|Any CPU
		{11145E93-09F3-403F-BE3B-DF17457FA003}.Release|Any CPU.ActiveCfg = Release|Any CPU
		{11145E93-09F3-403F-BE3B-DF17457FA003}.Release|Any CPU.Build.0 = Release|Any CPU
	EndGlobalSection
	GlobalSection(SolutionProperties) = preSolution
		HideSolutionNode = FALSE
	EndGlobalSection
	GlobalSection(ExtensibilityGlobals) = postSolution
		SolutionGuid = {F7F1F7F1-E037-4898-8C82-813E9D524DE8}
	EndGlobalSection
EndGlobal
