
Microsoft Visual Studio Solution File, Format Version 12.00
# Visual Studio Version 17
VisualStudioVersion = 17.4.33103.184
MinimumVisualStudioVersion = 10.0.40219.1
Project("{FAE04EC0-301F-11D3-BF4B-00C04F79EFBC}") = "ASP.net testing2", "ASP.net testing2.csproj", "{A068AF52-B30F-4D71-B2FD-87F292D749B7}"
EndProject
Global
	GlobalSection(SolutionConfigurationPlatforms) = preSolution
		Debug|Any CPU = Debug|Any CPU
		Release|Any CPU = Release|Any CPU
	EndGlobalSection
	GlobalSection(ProjectConfigurationPlatforms) = postSolution
		{A068AF52-B30F-4D71-B2FD-87F292D749B7}.Debug|Any CPU.ActiveCfg = Debug|Any CPU
		{A068AF52-B30F-4D71-B2FD-87F292D749B7}.Debug|Any CPU.Build.0 = Debug|Any CPU
		{A068AF52-B30F-4D71-B2FD-87F292D749B7}.Release|Any CPU.ActiveCfg = Release|Any CPU
		{A068AF52-B30F-4D71-B2FD-87F292D749B7}.Release|Any CPU.Build.0 = Release|Any CPU
	EndGlobalSection
	GlobalSection(SolutionProperties) = preSolution
		HideSolutionNode = FALSE
	EndGlobalSection
	GlobalSection(ExtensibilityGlobals) = postSolution
		SolutionGuid = {E95AD552-687B-47C9-9A42-7A82509A80CF}
	EndGlobalSection
EndGlobal
