
Microsoft Visual Studio Solution File, Format Version 12.00
# Visual Studio Version 17
VisualStudioVersion = 17.4.33103.184
MinimumVisualStudioVersion = 10.0.40219.1
Project("{FAE04EC0-301F-11D3-BF4B-00C04F79EFBC}") = "CalculatorTryCatch", "CalculatorTryCatch.csproj", "{FC8CA28C-5701-4E79-B2DF-415CEEC71A65}"
EndProject
Global
	GlobalSection(SolutionConfigurationPlatforms) = preSolution
		Debug|Any CPU = Debug|Any CPU
		Release|Any CPU = Release|Any CPU
	EndGlobalSection
	GlobalSection(ProjectConfigurationPlatforms) = postSolution
		{FC8CA28C-5701-4E79-B2DF-415CEEC71A65}.Debug|Any CPU.ActiveCfg = Debug|Any CPU
		{FC8CA28C-5701-4E79-B2DF-415CEEC71A65}.Debug|Any CPU.Build.0 = Debug|Any CPU
		{FC8CA28C-5701-4E79-B2DF-415CEEC71A65}.Release|Any CPU.ActiveCfg = Release|Any CPU
		{FC8CA28C-5701-4E79-B2DF-415CEEC71A65}.Release|Any CPU.Build.0 = Release|Any CPU
	EndGlobalSection
	GlobalSection(SolutionProperties) = preSolution
		HideSolutionNode = FALSE
	EndGlobalSection
	GlobalSection(ExtensibilityGlobals) = postSolution
		SolutionGuid = {1A61B91D-996A-4553-8D48-7E3FA870A1AF}
	EndGlobalSection
EndGlobal
