
Microsoft Visual Studio Solution File, Format Version 12.00
# Visual Studio Version 17
VisualStudioVersion = 17.4.33103.184
MinimumVisualStudioVersion = 10.0.40219.1
Project("{FAE04EC0-301F-11D3-BF4B-00C04F79EFBC}") = "SingletonDP", "SingletonDP.csproj", "{C40E443E-FB26-4905-8496-1875F4F9146C}"
EndProject
Global
	GlobalSection(SolutionConfigurationPlatforms) = preSolution
		Debug|Any CPU = Debug|Any CPU
		Release|Any CPU = Release|Any CPU
	EndGlobalSection
	GlobalSection(ProjectConfigurationPlatforms) = postSolution
		{C40E443E-FB26-4905-8496-1875F4F9146C}.Debug|Any CPU.ActiveCfg = Debug|Any CPU
		{C40E443E-FB26-4905-8496-1875F4F9146C}.Debug|Any CPU.Build.0 = Debug|Any CPU
		{C40E443E-FB26-4905-8496-1875F4F9146C}.Release|Any CPU.ActiveCfg = Release|Any CPU
		{C40E443E-FB26-4905-8496-1875F4F9146C}.Release|Any CPU.Build.0 = Release|Any CPU
	EndGlobalSection
	GlobalSection(SolutionProperties) = preSolution
		HideSolutionNode = FALSE
	EndGlobalSection
	GlobalSection(ExtensibilityGlobals) = postSolution
		SolutionGuid = {7D95B99C-D9DF-4FCE-8944-8991221E0CB9}
	EndGlobalSection
EndGlobal
